
Microsoft Visual Studio Solution File, Format Version 12.00
# Visual Studio Version 16
VisualStudioVersion = 16.0.30717.126
MinimumVisualStudioVersion = 10.0.40219.1
Project("{9A19103F-16F7-4668-BE54-9A1E7A4F7556}") = "WebApiService", "WebApiService\WebApiService.csproj", "{2FBA027F-E740-4078-8286-B2CEC98BA1A8}"
EndProject
Project("{FAE04EC0-301F-11D3-BF4B-00C04F79EFBC}") = "DoItLess.AspNetCore.Kit", "DoItLess.AspNetCore.Extentions\DoItLess.AspNetCore.Kit.csproj", "{59EAF522-1534-49E6-8FF6-D6C01D0DE39B}"
EndProject
Global
	GlobalSection(SolutionConfigurationPlatforms) = preSolution
		Debug|Any CPU = Debug|Any CPU
		Release|Any CPU = Release|Any CPU
	EndGlobalSection
	GlobalSection(ProjectConfigurationPlatforms) = postSolution
		{2FBA027F-E740-4078-8286-B2CEC98BA1A8}.Debug|Any CPU.ActiveCfg = Debug|Any CPU
		{2FBA027F-E740-4078-8286-B2CEC98BA1A8}.Debug|Any CPU.Build.0 = Debug|Any CPU
		{2FBA027F-E740-4078-8286-B2CEC98BA1A8}.Release|Any CPU.ActiveCfg = Release|Any CPU
		{2FBA027F-E740-4078-8286-B2CEC98BA1A8}.Release|Any CPU.Build.0 = Release|Any CPU
		{59EAF522-1534-49E6-8FF6-D6C01D0DE39B}.Debug|Any CPU.ActiveCfg = Debug|Any CPU
		{59EAF522-1534-49E6-8FF6-D6C01D0DE39B}.Debug|Any CPU.Build.0 = Debug|Any CPU
		{59EAF522-1534-49E6-8FF6-D6C01D0DE39B}.Release|Any CPU.ActiveCfg = Release|Any CPU
		{59EAF522-1534-49E6-8FF6-D6C01D0DE39B}.Release|Any CPU.Build.0 = Release|Any CPU
	EndGlobalSection
	GlobalSection(SolutionProperties) = preSolution
		HideSolutionNode = FALSE
	EndGlobalSection
	GlobalSection(ExtensibilityGlobals) = postSolution
		SolutionGuid = {0C39DF11-6552-4409-8874-A34A88E8A0F8}
	EndGlobalSection
EndGlobal
